
Microsoft Visual Studio Solution File, Format Version 12.00
# Visual Studio Version 17
VisualStudioVersion = 17.10.35027.167
MinimumVisualStudioVersion = 10.0.40219.1
Project("{FAE04EC0-301F-11D3-BF4B-00C04F79EFBC}") = "WcfService1", "WcfService1\WcfService1.csproj", "{401DAAF8-04CB-4731-BB5E-87E900E52A1A}"
EndProject
Project("{FAE04EC0-301F-11D3-BF4B-00C04F79EFBC}") = "WebApplication1", "WebApplication1\WebApplication1.csproj", "{4AE5C35A-ABF7-45B4-8684-562EC2A4747B}"
	ProjectSection(ProjectDependencies) = postProject
		{401DAAF8-04CB-4731-BB5E-87E900E52A1A} = {401DAAF8-04CB-4731-BB5E-87E900E52A1A}
	EndProjectSection
EndProject
Global
	GlobalSection(SolutionConfigurationPlatforms) = preSolution
		Debug|Any CPU = Debug|Any CPU
		Release|Any CPU = Release|Any CPU
	EndGlobalSection
	GlobalSection(ProjectConfigurationPlatforms) = postSolution
		{401DAAF8-04CB-4731-BB5E-87E900E52A1A}.Debug|Any CPU.ActiveCfg = Debug|Any CPU
		{401DAAF8-04CB-4731-BB5E-87E900E52A1A}.Debug|Any CPU.Build.0 = Debug|Any CPU
		{401DAAF8-04CB-4731-BB5E-87E900E52A1A}.Release|Any CPU.ActiveCfg = Release|Any CPU
		{401DAAF8-04CB-4731-BB5E-87E900E52A1A}.Release|Any CPU.Build.0 = Release|Any CPU
		{4AE5C35A-ABF7-45B4-8684-562EC2A4747B}.Debug|Any CPU.ActiveCfg = Debug|Any CPU
		{4AE5C35A-ABF7-45B4-8684-562EC2A4747B}.Debug|Any CPU.Build.0 = Debug|Any CPU
		{4AE5C35A-ABF7-45B4-8684-562EC2A4747B}.Release|Any CPU.ActiveCfg = Release|Any CPU
		{4AE5C35A-ABF7-45B4-8684-562EC2A4747B}.Release|Any CPU.Build.0 = Release|Any CPU
	EndGlobalSection
	GlobalSection(SolutionProperties) = preSolution
		HideSolutionNode = FALSE
	EndGlobalSection
	GlobalSection(ExtensibilityGlobals) = postSolution
		SolutionGuid = {C0378C38-B6A5-4AA7-ABD7-1D52D44058AF}
	EndGlobalSection
EndGlobal
